
Microsoft Visual Studio Solution File, Format Version 12.00
# Visual Studio Version 16
VisualStudioVersion = 16.0.29519.87
MinimumVisualStudioVersion = 10.0.40219.1
Project("{8BC9CEB8-8B4A-11D0-8D11-00A0C91BC942}") = "Сlient database", "Сlient database\Сlient database.vcxproj", "{9271F7BC-9640-4998-80FF-8C3B93206E86}"
EndProject
Global
	GlobalSection(SolutionConfigurationPlatforms) = preSolution
		Debug|x64 = Debug|x64
		Debug|x86 = Debug|x86
		Release|x64 = Release|x64
		Release|x86 = Release|x86
	EndGlobalSection
	GlobalSection(ProjectConfigurationPlatforms) = postSolution
		{9271F7BC-9640-4998-80FF-8C3B93206E86}.Debug|x64.ActiveCfg = Debug|x64
		{9271F7BC-9640-4998-80FF-8C3B93206E86}.Debug|x64.Build.0 = Debug|x64
		{9271F7BC-9640-4998-80FF-8C3B93206E86}.Debug|x86.ActiveCfg = Debug|Win32
		{9271F7BC-9640-4998-80FF-8C3B93206E86}.Debug|x86.Build.0 = Debug|Win32
		{9271F7BC-9640-4998-80FF-8C3B93206E86}.Release|x64.ActiveCfg = Release|x64
		{9271F7BC-9640-4998-80FF-8C3B93206E86}.Release|x64.Build.0 = Release|x64
		{9271F7BC-9640-4998-80FF-8C3B93206E86}.Release|x86.ActiveCfg = Release|Win32
		{9271F7BC-9640-4998-80FF-8C3B93206E86}.Release|x86.Build.0 = Release|Win32
	EndGlobalSection
	GlobalSection(SolutionProperties) = preSolution
		HideSolutionNode = FALSE
	EndGlobalSection
	GlobalSection(ExtensibilityGlobals) = postSolution
		SolutionGuid = {E9E667D8-0FE5-45E7-ACD9-2DB1F5F3C01C}
	EndGlobalSection
EndGlobal
